
Microsoft Visual Studio Solution File, Format Version 12.00
# Visual Studio Version 17
VisualStudioVersion = 17.6.33829.357
MinimumVisualStudioVersion = 10.0.40219.1
Project("{FAE04EC0-301F-11D3-BF4B-00C04F79EFBC}") = "StudentManagementSystem", "StudentManagementSystem.csproj", "{51CEB743-5AB2-4634-9DC3-60A518860BE2}"
EndProject
Project("{FAE04EC0-301F-11D3-BF4B-00C04F79EFBC}") = "BOLl", "..\BOLl\BOLl.csproj", "{515B6174-7D6E-43CF-BFD7-01BB86C1B2AA}"
EndProject
Project("{FAE04EC0-301F-11D3-BF4B-00C04F79EFBC}") = "DALi", "..\DALi\DALi.csproj", "{FDD8A000-B31D-461B-A316-2CAC97C9E2EE}"
EndProject
Global
	GlobalSection(SolutionConfigurationPlatforms) = preSolution
		Debug|Any CPU = Debug|Any CPU
		Release|Any CPU = Release|Any CPU
	EndGlobalSection
	GlobalSection(ProjectConfigurationPlatforms) = postSolution
		{51CEB743-5AB2-4634-9DC3-60A518860BE2}.Debug|Any CPU.ActiveCfg = Debug|Any CPU
		{51CEB743-5AB2-4634-9DC3-60A518860BE2}.Debug|Any CPU.Build.0 = Debug|Any CPU
		{51CEB743-5AB2-4634-9DC3-60A518860BE2}.Release|Any CPU.ActiveCfg = Release|Any CPU
		{51CEB743-5AB2-4634-9DC3-60A518860BE2}.Release|Any CPU.Build.0 = Release|Any CPU
		{515B6174-7D6E-43CF-BFD7-01BB86C1B2AA}.Debug|Any CPU.ActiveCfg = Debug|Any CPU
		{515B6174-7D6E-43CF-BFD7-01BB86C1B2AA}.Debug|Any CPU.Build.0 = Debug|Any CPU
		{515B6174-7D6E-43CF-BFD7-01BB86C1B2AA}.Release|Any CPU.ActiveCfg = Release|Any CPU
		{515B6174-7D6E-43CF-BFD7-01BB86C1B2AA}.Release|Any CPU.Build.0 = Release|Any CPU
		{FDD8A000-B31D-461B-A316-2CAC97C9E2EE}.Debug|Any CPU.ActiveCfg = Debug|Any CPU
		{FDD8A000-B31D-461B-A316-2CAC97C9E2EE}.Debug|Any CPU.Build.0 = Debug|Any CPU
		{FDD8A000-B31D-461B-A316-2CAC97C9E2EE}.Release|Any CPU.ActiveCfg = Release|Any CPU
		{FDD8A000-B31D-461B-A316-2CAC97C9E2EE}.Release|Any CPU.Build.0 = Release|Any CPU
	EndGlobalSection
	GlobalSection(SolutionProperties) = preSolution
		HideSolutionNode = FALSE
	EndGlobalSection
	GlobalSection(ExtensibilityGlobals) = postSolution
		SolutionGuid = {49D5FA43-B88A-40B1-BCC7-8833EFB9E74D}
	EndGlobalSection
EndGlobal
